
Microsoft Visual Studio Solution File, Format Version 12.00
# Visual Studio Version 16
VisualStudioVersion = 16.0.29728.190
MinimumVisualStudioVersion = 10.0.40219.1
Project("{FAE04EC0-301F-11D3-BF4B-00C04F79EFBC}") = "MobileMarket.Android", "MobileMarket\MobileMarket.Android\MobileMarket.Android.csproj", "{F9AD86FF-1D4F-4A7E-8822-62655239C3B2}"
EndProject
Project("{FAE04EC0-301F-11D3-BF4B-00C04F79EFBC}") = "MobileMarket.iOS", "MobileMarket\MobileMarket.iOS\MobileMarket.iOS.csproj", "{1440F4D1-20DE-41A2-8E37-DF18FA59CA79}"
EndProject
Project("{9A19103F-16F7-4668-BE54-9A1E7A4F7556}") = "MobileMarket", "MobileMarket\MobileMarket\MobileMarket.csproj", "{8192E58C-ACBA-4382-B58D-67200EC43000}"
EndProject
Global
	GlobalSection(SolutionConfigurationPlatforms) = preSolution
		Debug|Any CPU = Debug|Any CPU
		Debug|ARM = Debug|ARM
		Debug|iPhone = Debug|iPhone
		Debug|iPhoneSimulator = Debug|iPhoneSimulator
		Debug|x64 = Debug|x64
		Debug|x86 = Debug|x86
		Release|Any CPU = Release|Any CPU
		Release|ARM = Release|ARM
		Release|iPhone = Release|iPhone
		Release|iPhoneSimulator = Release|iPhoneSimulator
		Release|x64 = Release|x64
		Release|x86 = Release|x86
	EndGlobalSection
	GlobalSection(ProjectConfigurationPlatforms) = postSolution
		{F9AD86FF-1D4F-4A7E-8822-62655239C3B2}.Debug|Any CPU.ActiveCfg = Debug|Any CPU
		{F9AD86FF-1D4F-4A7E-8822-62655239C3B2}.Debug|Any CPU.Build.0 = Debug|Any CPU
		{F9AD86FF-1D4F-4A7E-8822-62655239C3B2}.Debug|Any CPU.Deploy.0 = Debug|Any CPU
		{F9AD86FF-1D4F-4A7E-8822-62655239C3B2}.Debug|ARM.ActiveCfg = Debug|Any CPU
		{F9AD86FF-1D4F-4A7E-8822-62655239C3B2}.Debug|ARM.Build.0 = Debug|Any CPU
		{F9AD86FF-1D4F-4A7E-8822-62655239C3B2}.Debug|ARM.Deploy.0 = Debug|Any CPU
		{F9AD86FF-1D4F-4A7E-8822-62655239C3B2}.Debug|iPhone.ActiveCfg = Debug|Any CPU
		{F9AD86FF-1D4F-4A7E-8822-62655239C3B2}.Debug|iPhone.Build.0 = Debug|Any CPU
		{F9AD86FF-1D4F-4A7E-8822-62655239C3B2}.Debug|iPhone.Deploy.0 = Debug|Any CPU
		{F9AD86FF-1D4F-4A7E-8822-62655239C3B2}.Debug|iPhoneSimulator.ActiveCfg = Debug|Any CPU
		{F9AD86FF-1D4F-4A7E-8822-62655239C3B2}.Debug|iPhoneSimulator.Build.0 = Debug|Any CPU
		{F9AD86FF-1D4F-4A7E-8822-62655239C3B2}.Debug|iPhoneSimulator.Deploy.0 = Debug|Any CPU
		{F9AD86FF-1D4F-4A7E-8822-62655239C3B2}.Debug|x64.ActiveCfg = Debug|Any CPU
		{F9AD86FF-1D4F-4A7E-8822-62655239C3B2}.Debug|x64.Build.0 = Debug|Any CPU
		{F9AD86FF-1D4F-4A7E-8822-62655239C3B2}.Debug|x64.Deploy.0 = Debug|Any CPU
		{F9AD86FF-1D4F-4A7E-8822-62655239C3B2}.Debug|x86.ActiveCfg = Debug|Any CPU
		{F9AD86FF-1D4F-4A7E-8822-62655239C3B2}.Debug|x86.Build.0 = Debug|Any CPU
		{F9AD86FF-1D4F-4A7E-8822-62655239C3B2}.Debug|x86.Deploy.0 = Debug|Any CPU
		{F9AD86FF-1D4F-4A7E-8822-62655239C3B2}.Release|Any CPU.ActiveCfg = Release|Any CPU
		{F9AD86FF-1D4F-4A7E-8822-62655239C3B2}.Release|Any CPU.Build.0 = Release|Any CPU
		{F9AD86FF-1D4F-4A7E-8822-62655239C3B2}.Release|Any CPU.Deploy.0 = Release|Any CPU
		{F9AD86FF-1D4F-4A7E-8822-62655239C3B2}.Release|ARM.ActiveCfg = Release|Any CPU
		{F9AD86FF-1D4F-4A7E-8822-62655239C3B2}.Release|ARM.Build.0 = Release|Any CPU
		{F9AD86FF-1D4F-4A7E-8822-62655239C3B2}.Release|ARM.Deploy.0 = Release|Any CPU
		{F9AD86FF-1D4F-4A7E-8822-62655239C3B2}.Release|iPhone.ActiveCfg = Release|Any CPU
		{F9AD86FF-1D4F-4A7E-8822-62655239C3B2}.Release|iPhone.Build.0 = Release|Any CPU
		{F9AD86FF-1D4F-4A7E-8822-62655239C3B2}.Release|iPhone.Deploy.0 = Release|Any CPU
		{F9AD86FF-1D4F-4A7E-8822-62655239C3B2}.Release|iPhoneSimulator.ActiveCfg = Release|Any CPU
		{F9AD86FF-1D4F-4A7E-8822-62655239C3B2}.Release|iPhoneSimulator.Build.0 = Release|Any CPU
		{F9AD86FF-1D4F-4A7E-8822-62655239C3B2}.Release|iPhoneSimulator.Deploy.0 = Release|Any CPU
		{F9AD86FF-1D4F-4A7E-8822-62655239C3B2}.Release|x64.ActiveCfg = Release|Any CPU
		{F9AD86FF-1D4F-4A7E-8822-62655239C3B2}.Release|x64.Build.0 = Release|Any CPU
		{F9AD86FF-1D4F-4A7E-8822-62655239C3B2}.Release|x64.Deploy.0 = Release|Any CPU
		{F9AD86FF-1D4F-4A7E-8822-62655239C3B2}.Release|x86.ActiveCfg = Release|Any CPU
		{F9AD86FF-1D4F-4A7E-8822-62655239C3B2}.Release|x86.Build.0 = Release|Any CPU
		{F9AD86FF-1D4F-4A7E-8822-62655239C3B2}.Release|x86.Deploy.0 = Release|Any CPU
		{1440F4D1-20DE-41A2-8E37-DF18FA59CA79}.Debug|Any CPU.ActiveCfg = Debug|iPhone
		{1440F4D1-20DE-41A2-8E37-DF18FA59CA79}.Debug|Any CPU.Build.0 = Debug|iPhone
		{1440F4D1-20DE-41A2-8E37-DF18FA59CA79}.Debug|Any CPU.Deploy.0 = Debug|iPhone
		{1440F4D1-20DE-41A2-8E37-DF18FA59CA79}.Debug|ARM.ActiveCfg = Debug|iPhoneSimulator
		{1440F4D1-20DE-41A2-8E37-DF18FA59CA79}.Debug|ARM.Build.0 = Debug|iPhoneSimulator
		{1440F4D1-20DE-41A2-8E37-DF18FA59CA79}.Debug|ARM.Deploy.0 = Debug|iPhoneSimulator
		{1440F4D1-20DE-41A2-8E37-DF18FA59CA79}.Debug|iPhone.ActiveCfg = Debug|iPhone
		{1440F4D1-20DE-41A2-8E37-DF18FA59CA79}.Debug|iPhone.Build.0 = Debug|iPhone
		{1440F4D1-20DE-41A2-8E37-DF18FA59CA79}.Debug|iPhone.Deploy.0 = Debug|iPhone
		{1440F4D1-20DE-41A2-8E37-DF18FA59CA79}.Debug|iPhoneSimulator.ActiveCfg = Debug|iPhoneSimulator
		{1440F4D1-20DE-41A2-8E37-DF18FA59CA79}.Debug|iPhoneSimulator.Build.0 = Debug|iPhoneSimulator
		{1440F4D1-20DE-41A2-8E37-DF18FA59CA79}.Debug|iPhoneSimulator.Deploy.0 = Debug|iPhoneSimulator
		{1440F4D1-20DE-41A2-8E37-DF18FA59CA79}.Debug|x64.ActiveCfg = Debug|iPhone
		{1440F4D1-20DE-41A2-8E37-DF18FA59CA79}.Debug|x64.Build.0 = Debug|iPhone
		{1440F4D1-20DE-41A2-8E37-DF18FA59CA79}.Debug|x64.Deploy.0 = Debug|iPhone
		{1440F4D1-20DE-41A2-8E37-DF18FA59CA79}.Debug|x86.ActiveCfg = Debug|iPhone
		{1440F4D1-20DE-41A2-8E37-DF18FA59CA79}.Debug|x86.Build.0 = Debug|iPhone
		{1440F4D1-20DE-41A2-8E37-DF18FA59CA79}.Debug|x86.Deploy.0 = Debug|iPhone
		{1440F4D1-20DE-41A2-8E37-DF18FA59CA79}.Release|Any CPU.ActiveCfg = Release|iPhone
		{1440F4D1-20DE-41A2-8E37-DF18FA59CA79}.Release|Any CPU.Build.0 = Release|iPhone
		{1440F4D1-20DE-41A2-8E37-DF18FA59CA79}.Release|Any CPU.Deploy.0 = Release|iPhone
		{1440F4D1-20DE-41A2-8E37-DF18FA59CA79}.Release|ARM.ActiveCfg = Release|iPhone
		{1440F4D1-20DE-41A2-8E37-DF18FA59CA79}.Release|ARM.Build.0 = Release|iPhone
		{1440F4D1-20DE-41A2-8E37-DF18FA59CA79}.Release|ARM.Deploy.0 = Release|iPhone
		{1440F4D1-20DE-41A2-8E37-DF18FA59CA79}.Release|iPhone.ActiveCfg = Release|iPhone
		{1440F4D1-20DE-41A2-8E37-DF18FA59CA79}.Release|iPhone.Build.0 = Release|iPhone
		{1440F4D1-20DE-41A2-8E37-DF18FA59CA79}.Release|iPhone.Deploy.0 = Release|iPhone
		{1440F4D1-20DE-41A2-8E37-DF18FA59CA79}.Release|iPhoneSimulator.ActiveCfg = Release|iPhoneSimulator
		{1440F4D1-20DE-41A2-8E37-DF18FA59CA79}.Release|iPhoneSimulator.Build.0 = Release|iPhoneSimulator
		{1440F4D1-20DE-41A2-8E37-DF18FA59CA79}.Release|iPhoneSimulator.Deploy.0 = Release|iPhoneSimulator
		{1440F4D1-20DE-41A2-8E37-DF18FA59CA79}.Release|x64.ActiveCfg = Release|iPhone
		{1440F4D1-20DE-41A2-8E37-DF18FA59CA79}.Release|x64.Build.0 = Release|iPhone
		{1440F4D1-20DE-41A2-8E37-DF18FA59CA79}.Release|x64.Deploy.0 = Release|iPhone
		{1440F4D1-20DE-41A2-8E37-DF18FA59CA79}.Release|x86.ActiveCfg = Release|iPhone
		{1440F4D1-20DE-41A2-8E37-DF18FA59CA79}.Release|x86.Build.0 = Release|iPhone
		{1440F4D1-20DE-41A2-8E37-DF18FA59CA79}.Release|x86.Deploy.0 = Release|iPhone
		{8192E58C-ACBA-4382-B58D-67200EC43000}.Debug|Any CPU.ActiveCfg = Debug|Any CPU
		{8192E58C-ACBA-4382-B58D-67200EC43000}.Debug|Any CPU.Build.0 = Debug|Any CPU
		{8192E58C-ACBA-4382-B58D-67200EC43000}.Debug|Any CPU.Deploy.0 = Debug|Any CPU
		{8192E58C-ACBA-4382-B58D-67200EC43000}.Debug|ARM.ActiveCfg = Debug|Any CPU
		{8192E58C-ACBA-4382-B58D-67200EC43000}.Debug|ARM.Build.0 = Debug|Any CPU
		{8192E58C-ACBA-4382-B58D-67200EC43000}.Debug|ARM.Deploy.0 = Debug|Any CPU
		{8192E58C-ACBA-4382-B58D-67200EC43000}.Debug|iPhone.ActiveCfg = Debug|Any CPU
		{8192E58C-ACBA-4382-B58D-67200EC43000}.Debug|iPhone.Build.0 = Debug|Any CPU
		{8192E58C-ACBA-4382-B58D-67200EC43000}.Debug|iPhone.Deploy.0 = Debug|Any CPU
		{8192E58C-ACBA-4382-B58D-67200EC43000}.Debug|iPhoneSimulator.ActiveCfg = Debug|Any CPU
		{8192E58C-ACBA-4382-B58D-67200EC43000}.Debug|iPhoneSimulator.Build.0 = Debug|Any CPU
		{8192E58C-ACBA-4382-B58D-67200EC43000}.Debug|iPhoneSimulator.Deploy.0 = Debug|Any CPU
		{8192E58C-ACBA-4382-B58D-67200EC43000}.Debug|x64.ActiveCfg = Debug|Any CPU
		{8192E58C-ACBA-4382-B58D-67200EC43000}.Debug|x64.Build.0 = Debug|Any CPU
		{8192E58C-ACBA-4382-B58D-67200EC43000}.Debug|x64.Deploy.0 = Debug|Any CPU
		{8192E58C-ACBA-4382-B58D-67200EC43000}.Debug|x86.ActiveCfg = Debug|Any CPU
		{8192E58C-ACBA-4382-B58D-67200EC43000}.Debug|x86.Build.0 = Debug|Any CPU
		{8192E58C-ACBA-4382-B58D-67200EC43000}.Debug|x86.Deploy.0 = Debug|Any CPU
		{8192E58C-ACBA-4382-B58D-67200EC43000}.Release|Any CPU.ActiveCfg = Release|Any CPU
		{8192E58C-ACBA-4382-B58D-67200EC43000}.Release|Any CPU.Build.0 = Release|Any CPU
		{8192E58C-ACBA-4382-B58D-67200EC43000}.Release|Any CPU.Deploy.0 = Release|Any CPU
		{8192E58C-ACBA-4382-B58D-67200EC43000}.Release|ARM.ActiveCfg = Release|Any CPU
		{8192E58C-ACBA-4382-B58D-67200EC43000}.Release|ARM.Build.0 = Release|Any CPU
		{8192E58C-ACBA-4382-B58D-67200EC43000}.Release|ARM.Deploy.0 = Release|Any CPU
		{8192E58C-ACBA-4382-B58D-67200EC43000}.Release|iPhone.ActiveCfg = Release|Any CPU
		{8192E58C-ACBA-4382-B58D-67200EC43000}.Release|iPhone.Build.0 = Release|Any CPU
		{8192E58C-ACBA-4382-B58D-67200EC43000}.Release|iPhone.Deploy.0 = Release|Any CPU
		{8192E58C-ACBA-4382-B58D-67200EC43000}.Release|iPhoneSimulator.ActiveCfg = Release|Any CPU
		{8192E58C-ACBA-4382-B58D-67200EC43000}.Release|iPhoneSimulator.Build.0 = Release|Any CPU
		{8192E58C-ACBA-4382-B58D-67200EC43000}.Release|iPhoneSimulator.Deploy.0 = Release|Any CPU
		{8192E58C-ACBA-4382-B58D-67200EC43000}.Release|x64.ActiveCfg = Release|Any CPU
		{8192E58C-ACBA-4382-B58D-67200EC43000}.Release|x64.Build.0 = Release|Any CPU
		{8192E58C-ACBA-4382-B58D-67200EC43000}.Release|x64.Deploy.0 = Release|Any CPU
		{8192E58C-ACBA-4382-B58D-67200EC43000}.Release|x86.ActiveCfg = Release|Any CPU
		{8192E58C-ACBA-4382-B58D-67200EC43000}.Release|x86.Build.0 = Release|Any CPU
		{8192E58C-ACBA-4382-B58D-67200EC43000}.Release|x86.Deploy.0 = Release|Any CPU
	EndGlobalSection
	GlobalSection(SolutionProperties) = preSolution
		HideSolutionNode = FALSE
	EndGlobalSection
	GlobalSection(ExtensibilityGlobals) = postSolution
		SolutionGuid = {D8277D2A-DDBF-409B-BF6A-3C154ED97245}
	EndGlobalSection
EndGlobal
